// !$*UTF8*$!
{
	archiveVersion = 1;
	classes = {
	};
	objectVersion = 46;
	objects = {

/* Begin PBXBuildFile section */
		55597E121C811E6F0080944E /* iTerm.framework in Frameworks */ = {isa = PBXBuildFile; fileRef = 8C3D2B63102FABD60007B87E /* iTerm.framework */; };
		55597E171C811E760080944E /* iTerm.framework in Copy Frameworks */ = {isa = PBXBuildFile; fileRef = 8C3D2B63102FABD60007B87E /* iTerm.framework */; settings = {ATTRIBUTES = (CodeSignOnCopy, RemoveHeadersOnCopy, ); }; };
		55B1E5691C824F2B003EA816 /* Images.xcassets in Resources */ = {isa = PBXBuildFile; fileRef = 55B1E5681C824F2B003EA816 /* Images.xcassets */; };
		55D1E1432192D56600A6002B /* CocoatechCore.framework in Copy Frameworks */ = {isa = PBXBuildFile; fileRef = 55597E131C811E700080944E /* CocoatechCore.framework */; settings = {ATTRIBUTES = (CodeSignOnCopy, RemoveHeadersOnCopy, ); }; };
		55D1E1442192D56B00A6002B /* CocoaTechStrings.framework in Copy Frameworks */ = {isa = PBXBuildFile; fileRef = 55597E141C811E700080944E /* CocoaTechStrings.framework */; settings = {ATTRIBUTES = (CodeSignOnCopy, RemoveHeadersOnCopy, ); }; };
		775BDEF1067A8BF0009058FE /* MyDocument.xcdatamodel in Sources */ = {isa = PBXBuildFile; fileRef = 775BDEF0067A8BF0009058FE /* MyDocument.xcdatamodel */; };
		775DFF38067A968500C5B868 /* Cocoa.framework in Frameworks */ = {isa = PBXBuildFile; fileRef = 1058C7A7FEA54F5311CA2CBB /* Cocoa.framework */; };
		8C014C82102D58F900FEEBB7 /* MyTerminalView.m in Sources */ = {isa = PBXBuildFile; fileRef = 8C014C81102D58F900FEEBB7 /* MyTerminalView.m */; };
		8C2A17B5100B2A6E0060D931 /* Host.m in Sources */ = {isa = PBXBuildFile; fileRef = 8C2A17B4100B2A6E0060D931 /* Host.m */; };
		8C2DAAE81037767F0053FACE /* StringToAttribStringTransformer.m in Sources */ = {isa = PBXBuildFile; fileRef = 8C2DAAE71037767F0053FACE /* StringToAttribStringTransformer.m */; };
		8C2DAC971037A9FC0053FACE /* HostNote.m in Sources */ = {isa = PBXBuildFile; fileRef = 8C2DAC961037A9FC0053FACE /* HostNote.m */; };
		8C3D26F9102E26E80007B87E /* PathTransformer.m in Sources */ = {isa = PBXBuildFile; fileRef = 8C3D26F8102E26E80007B87E /* PathTransformer.m */; };
		8C4163861010D6310066A4F8 /* BWToolkitFramework.framework in Frameworks */ = {isa = PBXBuildFile; fileRef = 8C4163851010D6310066A4F8 /* BWToolkitFramework.framework */; };
		8C4163891010D6340066A4F8 /* BWToolkitFramework.framework in Copy Frameworks */ = {isa = PBXBuildFile; fileRef = 8C4163851010D6310066A4F8 /* BWToolkitFramework.framework */; settings = {ATTRIBUTES = (CodeSignOnCopy, RemoveHeadersOnCopy, ); }; };
		8C55E41F100524A5002F5013 /* NSTask+OneLineTasksWithOutput.m in Sources */ = {isa = PBXBuildFile; fileRef = 8C55E41E100524A5002F5013 /* NSTask+OneLineTasksWithOutput.m */; };
		8C55E43810052E72002F5013 /* SessionManager.m in Sources */ = {isa = PBXBuildFile; fileRef = 8C55E43710052E72002F5013 /* SessionManager.m */; };
		8C5613BE103628F00030B321 /* ColorGradientView.m in Sources */ = {isa = PBXBuildFile; fileRef = 8C5613BD103628F00030B321 /* ColorGradientView.m */; };
		8C5613EA103638340030B321 /* NotesTableView.m in Sources */ = {isa = PBXBuildFile; fileRef = 8C5613E9103638340030B321 /* NotesTableView.m */; };
		8C5909F81038F8870074656C /* Default Basic Profiles.plist in Resources */ = {isa = PBXBuildFile; fileRef = 8C5909F71038F8870074656C /* Default Basic Profiles.plist */; };
		8C77C410103963CD003D6589 /* Default Advanced Profiles.plist in Resources */ = {isa = PBXBuildFile; fileRef = 8C77C40F103963CD003D6589 /* Default Advanced Profiles.plist */; };
		8C77C64E103A33F1003D6589 /* ScriptingBridge.framework in Frameworks */ = {isa = PBXBuildFile; fileRef = 8C77C64D103A33F1003D6589 /* ScriptingBridge.framework */; };
		8C77C65A103A349F003D6589 /* Mail.app in Sources */ = {isa = PBXBuildFile; fileRef = 8C77C658103A348C003D6589 /* Mail.app */; };
		8C79E1960FFBC09600A4648B /* XMLController.m in Sources */ = {isa = PBXBuildFile; fileRef = 8C79E1920FFBC09600A4648B /* XMLController.m */; };
		8C79E1970FFBC09600A4648B /* ArgumentListGenerator.m in Sources */ = {isa = PBXBuildFile; fileRef = 8C79E1950FFBC09600A4648B /* ArgumentListGenerator.m */; };
		8C79E2300FFC23D800A4648B /* SessionController.m in Sources */ = {isa = PBXBuildFile; fileRef = 8C79E22F0FFC23D800A4648B /* SessionController.m */; };
		8C79E2330FFC23E000A4648B /* NmapController.m in Sources */ = {isa = PBXBuildFile; fileRef = 8C79E2320FFC23E000A4648B /* NmapController.m */; };
		8C79E2B40FFCF0FF00A4648B /* PrefsController.m in Sources */ = {isa = PBXBuildFile; fileRef = 8C79E2B30FFCF0FF00A4648B /* PrefsController.m */; };
		8C79E889100117BF00A4648B /* Port.m in Sources */ = {isa = PBXBuildFile; fileRef = 8C79E884100117BF00A4648B /* Port.m */; };
		8C79E88A100117BF00A4648B /* Session.m in Sources */ = {isa = PBXBuildFile; fileRef = 8C79E886100117BF00A4648B /* Session.m */; };
		8C79F2EE10033DF200A4648B /* Growl.framework in Frameworks */ = {isa = PBXBuildFile; fileRef = 8C79F2ED10033DF200A4648B /* Growl.framework */; };
		8C79F2F810033E3C00A4648B /* Growl.framework in Copy Frameworks */ = {isa = PBXBuildFile; fileRef = 8C79F2ED10033DF200A4648B /* Growl.framework */; settings = {ATTRIBUTES = (CodeSignOnCopy, RemoveHeadersOnCopy, ); }; };
		8C79F30B10033EF200A4648B /* SPGrowlController.m in Sources */ = {isa = PBXBuildFile; fileRef = 8C79F30A10033EF200A4648B /* SPGrowlController.m */; };
		8C79F4C81003E3BA00A4648B /* MainMenu.xib in Resources */ = {isa = PBXBuildFile; fileRef = 8C79F4C41003E3BA00A4648B /* MainMenu.xib */; };
		8C79F4C91003E3BA00A4648B /* Growl Registration Ticket.growlRegDict in Resources */ = {isa = PBXBuildFile; fileRef = 8C79F4C51003E3BA00A4648B /* Growl Registration Ticket.growlRegDict */; };
		8C79F78A1004908600A4648B /* MyDocument.xib in Resources */ = {isa = PBXBuildFile; fileRef = 8C79F7891004908600A4648B /* MyDocument.xib */; };
		8CAA1231100A078B0084C6D5 /* Profile.m in Sources */ = {isa = PBXBuildFile; fileRef = 8CAA1230100A078B0084C6D5 /* Profile.m */; };
		8CAA7CB6101CD00700EF43A3 /* OsClass.m in Sources */ = {isa = PBXBuildFile; fileRef = 8CAA7CB3101CD00700EF43A3 /* OsClass.m */; };
		8CAA7CB7101CD00700EF43A3 /* OsMatch.m in Sources */ = {isa = PBXBuildFile; fileRef = 8CAA7CB5101CD00700EF43A3 /* OsMatch.m */; };
		8CAA7D88101CF83E00EF43A3 /* TcpSeqValue.m in Sources */ = {isa = PBXBuildFile; fileRef = 8CAA7D83101CF83E00EF43A3 /* TcpSeqValue.m */; };
		8CAA7D89101CF83E00EF43A3 /* TcpTsSeqValue.m in Sources */ = {isa = PBXBuildFile; fileRef = 8CAA7D85101CF83E00EF43A3 /* TcpTsSeqValue.m */; };
		8CAA7D8A101CF83E00EF43A3 /* IpIdSeqValue.m in Sources */ = {isa = PBXBuildFile; fileRef = 8CAA7D87101CF83E00EF43A3 /* IpIdSeqValue.m */; };
		8CAA7DEA101D037800EF43A3 /* Port_Script.m in Sources */ = {isa = PBXBuildFile; fileRef = 8CAA7DE9101D037800EF43A3 /* Port_Script.m */; };
		8CB29083102CCF54004A577E /* WebKit.framework in Frameworks */ = {isa = PBXBuildFile; fileRef = 8CB29082102CCF54004A577E /* WebKit.framework */; };
		8CC32789100CDCA700483939 /* Security.framework in Frameworks */ = {isa = PBXBuildFile; fileRef = 8CC32788100CDCA700483939 /* Security.framework */; };
		8CC3278F100CDCF000483939 /* BasicViewController.m in Sources */ = {isa = PBXBuildFile; fileRef = 8CC3278E100CDCF000483939 /* BasicViewController.m */; };
		8CC32794100CDFE400483939 /* NetstatConnection.m in Sources */ = {isa = PBXBuildFile; fileRef = 8CC32793100CDFE400483939 /* NetstatConnection.m */; };
		8CC329D1100DF9D700483939 /* BonjourListener.m in Sources */ = {isa = PBXBuildFile; fileRef = 8CC329D0100DF9D700483939 /* BonjourListener.m */; };
		8CC70CF51029839100743F1F /* Basic.xib in Resources */ = {isa = PBXBuildFile; fileRef = 8CC70CF41029839100743F1F /* Basic.xib */; };
		8CC70D0F10298B1000743F1F /* ManagingViewController.m in Sources */ = {isa = PBXBuildFile; fileRef = 8CC70D0C10298B1000743F1F /* ManagingViewController.m */; };
		8CC70D8E1029911A00743F1F /* Advanced.xib in Resources */ = {isa = PBXBuildFile; fileRef = 8CC70D8D1029911A00743F1F /* Advanced.xib */; };
		8CC73CFE102290F100296388 /* NSManagedObjectContext-helper.m in Sources */ = {isa = PBXBuildFile; fileRef = 8CC73CFD102290F100296388 /* NSManagedObjectContext-helper.m */; };
		8CD980E61024BFA200492108 /* Quartz.framework in Frameworks */ = {isa = PBXBuildFile; fileRef = 8CD980E41024BFA200492108 /* Quartz.framework */; };
		8CD980E71024BFA200492108 /* QuartzCore.framework in Frameworks */ = {isa = PBXBuildFile; fileRef = 8CD980E51024BFA200492108 /* QuartzCore.framework */; };
		8CDEBDC21029974500765DF6 /* AdvancedViewController.m in Sources */ = {isa = PBXBuildFile; fileRef = 8CDEBDC11029974500765DF6 /* AdvancedViewController.m */; };
		8CDEBE3C1029A1D800765DF6 /* SettingsViewController.m in Sources */ = {isa = PBXBuildFile; fileRef = 8CDEBE3B1029A1D800765DF6 /* SettingsViewController.m */; };
		8CDEC0EB1029C39500765DF6 /* Settings.xib in Resources */ = {isa = PBXBuildFile; fileRef = 8CDEC0EA1029C39500765DF6 /* Settings.xib */; };
		8D15AC2C0486D014006FF6A4 /* Credits.rtf in Resources */ = {isa = PBXBuildFile; fileRef = 2A37F4B9FDCFA73011CA2CEA /* Credits.rtf */; };
		8D15AC2F0486D014006FF6A4 /* InfoPlist.strings in Resources */ = {isa = PBXBuildFile; fileRef = 089C165FFE840EACC02AAC07 /* InfoPlist.strings */; };
		8D15AC310486D014006FF6A4 /* MyDocument.m in Sources */ = {isa = PBXBuildFile; fileRef = 2A37F4ACFDCFA73011CA2CEA /* MyDocument.m */; settings = {ATTRIBUTES = (); }; };
		8D15AC320486D014006FF6A4 /* main.m in Sources */ = {isa = PBXBuildFile; fileRef = 2A37F4B0FDCFA73011CA2CEA /* main.m */; settings = {ATTRIBUTES = (); }; };
/* End PBXBuildFile section */

/* Begin PBXBuildRule section */
		8C77C652103A340D003D6589 /* PBXBuildRule */ = {
			isa = PBXBuildRule;
			compilerSpec = com.apple.compilers.proxy.script;
			filePatterns = "*.app";
			fileType = pattern.proxy;
			isEditable = 1;
			outputFiles = (
				"$(DERIVED_FILES_DIR)/$(INPUT_FILE_BASE).h",
			);
			script = "sdef \"$INPUT_FILE_PATH\" | sdp -fh -o \"$DERIVED_FILES_DIR\" --basename \"$INPUT_FILE_BASE\" --bundleid `defaults read \"$INPUT_FILE_PATH/Contents/Info\" CFBundleIdentifier`\n";
		};
/* End PBXBuildRule section */

/* Begin PBXContainerItemProxy section */
		8C3D2B60102FABD60007B87E /* PBXContainerItemProxy */ = {
			isa = PBXContainerItemProxy;
			containerPortal = 8C3D2B50102FABD60007B87E /* iTerm.xcodeproj */;
			proxyType = 2;
			remoteGlobalIDString = 8742065A0564169600CFC3F1;
			remoteInfo = iTerm;
		};
		8C3D2B62102FABD60007B87E /* PBXContainerItemProxy */ = {
			isa = PBXContainerItemProxy;
			containerPortal = 8C3D2B50102FABD60007B87E /* iTerm.xcodeproj */;
			proxyType = 2;
			remoteGlobalIDString = 874206430564168A00CFC3F1;
			remoteInfo = "iTerm Framework";
		};
		8C3D2C25102FAC990007B87E /* PBXContainerItemProxy */ = {
			isa = PBXContainerItemProxy;
			containerPortal = 8C3D2B50102FABD60007B87E /* iTerm.xcodeproj */;
			proxyType = 1;
			remoteGlobalIDString = 874205EE0564168A00CFC3F1;
			remoteInfo = "iTerm Framework";
		};
/* End PBXContainerItemProxy section */

/* Begin PBXCopyFilesBuildPhase section */
		8C79F2F510033E1B00A4648B /* Copy Frameworks */ = {
			isa = PBXCopyFilesBuildPhase;
			buildActionMask = 2147483647;
			dstPath = "";
			dstSubfolderSpec = 10;
			files = (
				55D1E1442192D56B00A6002B /* CocoaTechStrings.framework in Copy Frameworks */,
				55D1E1432192D56600A6002B /* CocoatechCore.framework in Copy Frameworks */,
				55597E171C811E760080944E /* iTerm.framework in Copy Frameworks */,
				8C4163891010D6340066A4F8 /* BWToolkitFramework.framework in Copy Frameworks */,
				8C79F2F810033E3C00A4648B /* Growl.framework in Copy Frameworks */,
			);
			name = "Copy Frameworks";
			runOnlyForDeploymentPostprocessing = 0;
		};
/* End PBXCopyFilesBuildPhase section */

/* Begin PBXFileReference section */
		089C1660FE840EACC02AAC07 /* en */ = {isa = PBXFileReference; fileEncoding = 4; lastKnownFileType = text.plist.strings; name = en; path = en.lproj/InfoPlist.strings; sourceTree = "<group>"; };
		1058C7A7FEA54F5311CA2CBB /* Cocoa.framework */ = {isa = PBXFileReference; lastKnownFileType = wrapper.framework; name = Cocoa.framework; path = System/Library/Frameworks/Cocoa.framework; sourceTree = SDKROOT; };
		2A37F4ACFDCFA73011CA2CEA /* MyDocument.m */ = {isa = PBXFileReference; fileEncoding = 4; lastKnownFileType = sourcecode.c.objc; path = MyDocument.m; sourceTree = "<group>"; };
		2A37F4AEFDCFA73011CA2CEA /* MyDocument.h */ = {isa = PBXFileReference; fileEncoding = 4; lastKnownFileType = sourcecode.c.h; path = MyDocument.h; sourceTree = "<group>"; };
		2A37F4B0FDCFA73011CA2CEA /* main.m */ = {isa = PBXFileReference; fileEncoding = 4; lastKnownFileType = sourcecode.c.objc; path = main.m; sourceTree = "<group>"; };
		2A37F4BAFDCFA73011CA2CEA /* en */ = {isa = PBXFileReference; lastKnownFileType = text.rtf; name = en; path = en.lproj/Credits.rtf; sourceTree = "<group>"; };
		2A37F4C4FDCFA73011CA2CEA /* AppKit.framework */ = {isa = PBXFileReference; lastKnownFileType = wrapper.framework; name = AppKit.framework; path = System/Library/Frameworks/AppKit.framework; sourceTree = SDKROOT; };
		2A37F4C5FDCFA73011CA2CEA /* Foundation.framework */ = {isa = PBXFileReference; lastKnownFileType = wrapper.framework; name = Foundation.framework; path = System/Library/Frameworks/Foundation.framework; sourceTree = SDKROOT; };
		32DBCF750370BD2300C91783 /* recon_Prefix.pch */ = {isa = PBXFileReference; fileEncoding = 4; indentWidth = 4; lastKnownFileType = sourcecode.c.h; path = recon_Prefix.pch; sourceTree = "<group>"; };
		55597E131C811E700080944E /* CocoatechCore.framework */ = {isa = PBXFileReference; lastKnownFileType = wrapper.framework; path = CocoatechCore.framework; sourceTree = BUILT_PRODUCTS_DIR; };
		55597E141C811E700080944E /* CocoaTechStrings.framework */ = {isa = PBXFileReference; lastKnownFileType = wrapper.framework; path = CocoaTechStrings.framework; sourceTree = BUILT_PRODUCTS_DIR; };
		55B1E5681C824F2B003EA816 /* Images.xcassets */ = {isa = PBXFileReference; lastKnownFileType = folder.assetcatalog; path = Images.xcassets; sourceTree = "<group>"; };
		775BDEF0067A8BF0009058FE /* MyDocument.xcdatamodel */ = {isa = PBXFileReference; fileEncoding = 4; lastKnownFileType = wrapper.xcdatamodel; path = MyDocument.xcdatamodel; sourceTree = "<group>"; };
		7788DA0506752A1600599AAD /* CoreData.framework */ = {isa = PBXFileReference; lastKnownFileType = wrapper.framework; name = CoreData.framework; path = System/Library/Frameworks/CoreData.framework; sourceTree = SDKROOT; };
		8C014C80102D58F900FEEBB7 /* MyTerminalView.h */ = {isa = PBXFileReference; fileEncoding = 4; lastKnownFileType = sourcecode.c.h; path = MyTerminalView.h; sourceTree = "<group>"; };
		8C014C81102D58F900FEEBB7 /* MyTerminalView.m */ = {isa = PBXFileReference; fileEncoding = 4; lastKnownFileType = sourcecode.c.objc; path = MyTerminalView.m; sourceTree = "<group>"; };
		8C2A17B3100B2A6E0060D931 /* Host.h */ = {isa = PBXFileReference; fileEncoding = 4; lastKnownFileType = sourcecode.c.h; path = Host.h; sourceTree = "<group>"; };
		8C2A17B4100B2A6E0060D931 /* Host.m */ = {isa = PBXFileReference; fileEncoding = 4; lastKnownFileType = sourcecode.c.objc; path = Host.m; sourceTree = "<group>"; };
		8C2DAAE61037767F0053FACE /* StringToAttribStringTransformer.h */ = {isa = PBXFileReference; fileEncoding = 4; lastKnownFileType = sourcecode.c.h; path = StringToAttribStringTransformer.h; sourceTree = "<group>"; };
		8C2DAAE71037767F0053FACE /* StringToAttribStringTransformer.m */ = {isa = PBXFileReference; fileEncoding = 4; lastKnownFileType = sourcecode.c.objc; path = StringToAttribStringTransformer.m; sourceTree = "<group>"; };
		8C2DAC951037A9FC0053FACE /* HostNote.h */ = {isa = PBXFileReference; fileEncoding = 4; lastKnownFileType = sourcecode.c.h; path = HostNote.h; sourceTree = "<group>"; };
		8C2DAC961037A9FC0053FACE /* HostNote.m */ = {isa = PBXFileReference; fileEncoding = 4; lastKnownFileType = sourcecode.c.objc; path = HostNote.m; sourceTree = "<group>"; };
		8C3D26F7102E26E80007B87E /* PathTransformer.h */ = {isa = PBXFileReference; fileEncoding = 4; lastKnownFileType = sourcecode.c.h; path = PathTransformer.h; sourceTree = "<group>"; };
		8C3D26F8102E26E80007B87E /* PathTransformer.m */ = {isa = PBXFileReference; fileEncoding = 4; lastKnownFileType = sourcecode.c.objc; path = PathTransformer.m; sourceTree = "<group>"; };
		8C3D2B50102FABD60007B87E /* iTerm.xcodeproj */ = {isa = PBXFileReference; lastKnownFileType = "wrapper.pb-project"; name = iTerm.xcodeproj; path = "Vendor/Path Finder SDK/Source/iTerm/iTerm.xcodeproj"; sourceTree = "<group>"; };
		8C4163851010D6310066A4F8 /* BWToolkitFramework.framework */ = {isa = PBXFileReference; lastKnownFileType = wrapper.framework; name = BWToolkitFramework.framework; path = Frameworks/BWToolkitFramework.framework; sourceTree = "<group>"; };
		8C55E41E100524A5002F5013 /* NSTask+OneLineTasksWithOutput.m */ = {isa = PBXFileReference; fileEncoding = 4; lastKnownFileType = sourcecode.c.objc; path = "NSTask+OneLineTasksWithOutput.m"; sourceTree = "<group>"; };
		8C55E43610052E72002F5013 /* SessionManager.h */ = {isa = PBXFileReference; fileEncoding = 4; lastKnownFileType = sourcecode.c.h; path = SessionManager.h; sourceTree = "<group>"; };
		8C55E43710052E72002F5013 /* SessionManager.m */ = {isa = PBXFileReference; fileEncoding = 4; lastKnownFileType = sourcecode.c.objc; path = SessionManager.m; sourceTree = "<group>"; };
		8C5613BC103628F00030B321 /* ColorGradientView.h */ = {isa = PBXFileReference; fileEncoding = 4; lastKnownFileType = sourcecode.c.h; path = ColorGradientView.h; sourceTree = "<group>"; };
		8C5613BD103628F00030B321 /* ColorGradientView.m */ = {isa = PBXFileReference; fileEncoding = 4; lastKnownFileType = sourcecode.c.objc; path = ColorGradientView.m; sourceTree = "<group>"; };
		8C5613E8103638340030B321 /* NotesTableView.h */ = {isa = PBXFileReference; fileEncoding = 4; lastKnownFileType = sourcecode.c.h; path = NotesTableView.h; sourceTree = "<group>"; };
		8C5613E9103638340030B321 /* NotesTableView.m */ = {isa = PBXFileReference; fileEncoding = 4; lastKnownFileType = sourcecode.c.objc; path = NotesTableView.m; sourceTree = "<group>"; };
		8C5909F71038F8870074656C /* Default Basic Profiles.plist */ = {isa = PBXFileReference; fileEncoding = 4; lastKnownFileType = text.plist.xml; path = "Default Basic Profiles.plist"; sourceTree = "<group>"; };
		8C77C40F103963CD003D6589 /* Default Advanced Profiles.plist */ = {isa = PBXFileReference; fileEncoding = 4; lastKnownFileType = text.plist.xml; path = "Default Advanced Profiles.plist"; sourceTree = "<group>"; };
		8C77C64D103A33F1003D6589 /* ScriptingBridge.framework */ = {isa = PBXFileReference; lastKnownFileType = wrapper.framework; name = ScriptingBridge.framework; path = System/Library/Frameworks/ScriptingBridge.framework; sourceTree = SDKROOT; };
		8C77C658103A348C003D6589 /* Mail.app */ = {isa = PBXFileReference; lastKnownFileType = wrapper.application; name = Mail.app; path = /Applications/Mail.app; sourceTree = "<absolute>"; };
		8C79E1920FFBC09600A4648B /* XMLController.m */ = {isa = PBXFileReference; fileEncoding = 4; lastKnownFileType = sourcecode.c.objc; path = XMLController.m; sourceTree = "<group>"; };
		8C79E1930FFBC09600A4648B /* XMLController.h */ = {isa = PBXFileReference; fileEncoding = 4; lastKnownFileType = sourcecode.c.h; path = XMLController.h; sourceTree = "<group>"; };
		8C79E1940FFBC09600A4648B /* ArgumentListGenerator.h */ = {isa = PBXFileReference; fileEncoding = 4; lastKnownFileType = sourcecode.c.h; path = ArgumentListGenerator.h; sourceTree = "<group>"; };
		8C79E1950FFBC09600A4648B /* ArgumentListGenerator.m */ = {isa = PBXFileReference; fileEncoding = 4; lastKnownFileType = sourcecode.c.objc; path = ArgumentListGenerator.m; sourceTree = "<group>"; };
		8C79E22E0FFC23D800A4648B /* SessionController.h */ = {isa = PBXFileReference; fileEncoding = 4; lastKnownFileType = sourcecode.c.h; path = SessionController.h; sourceTree = "<group>"; };
		8C79E22F0FFC23D800A4648B /* SessionController.m */ = {isa = PBXFileReference; fileEncoding = 4; lastKnownFileType = sourcecode.c.objc; path = SessionController.m; sourceTree = "<group>"; };
		8C79E2310FFC23E000A4648B /* NmapController.h */ = {isa = PBXFileReference; fileEncoding = 4; lastKnownFileType = sourcecode.c.h; path = NmapController.h; sourceTree = "<group>"; };
		8C79E2320FFC23E000A4648B /* NmapController.m */ = {isa = PBXFileReference; fileEncoding = 4; lastKnownFileType = sourcecode.c.objc; path = NmapController.m; sourceTree = "<group>"; };
		8C79E2B20FFCF0FF00A4648B /* PrefsController.h */ = {isa = PBXFileReference; fileEncoding = 4; lastKnownFileType = sourcecode.c.h; path = PrefsController.h; sourceTree = "<group>"; };
		8C79E2B30FFCF0FF00A4648B /* PrefsController.m */ = {isa = PBXFileReference; fileEncoding = 4; lastKnownFileType = sourcecode.c.objc; path = PrefsController.m; sourceTree = "<group>"; };
		8C79E883100117BF00A4648B /* Port.h */ = {isa = PBXFileReference; fileEncoding = 4; lastKnownFileType = sourcecode.c.h; path = Port.h; sourceTree = "<group>"; };
		8C79E884100117BF00A4648B /* Port.m */ = {isa = PBXFileReference; fileEncoding = 4; lastKnownFileType = sourcecode.c.objc; path = Port.m; sourceTree = "<group>"; };
		8C79E885100117BF00A4648B /* Session.h */ = {isa = PBXFileReference; fileEncoding = 4; lastKnownFileType = sourcecode.c.h; path = Session.h; sourceTree = "<group>"; };
		8C79E886100117BF00A4648B /* Session.m */ = {isa = PBXFileReference; fileEncoding = 4; lastKnownFileType = sourcecode.c.objc; path = Session.m; sourceTree = "<group>"; };
		8C79F2ED10033DF200A4648B /* Growl.framework */ = {isa = PBXFileReference; lastKnownFileType = wrapper.framework; name = Growl.framework; path = Frameworks/Growl.framework; sourceTree = "<group>"; };
		8C79F30910033EF200A4648B /* SPGrowlController.h */ = {isa = PBXFileReference; fileEncoding = 4; lastKnownFileType = sourcecode.c.h; path = SPGrowlController.h; sourceTree = "<group>"; };
		8C79F30A10033EF200A4648B /* SPGrowlController.m */ = {isa = PBXFileReference; fileEncoding = 4; lastKnownFileType = sourcecode.c.objc; path = SPGrowlController.m; sourceTree = "<group>"; };
		8C79F4C31003E3BA00A4648B /* Info.plist */ = {isa = PBXFileReference; fileEncoding = 4; lastKnownFileType = text.plist.xml; path = Info.plist; sourceTree = "<group>"; };
		8C79F4C41003E3BA00A4648B /* MainMenu.xib */ = {isa = PBXFileReference; lastKnownFileType = file.xib; path = MainMenu.xib; sourceTree = "<group>"; };
		8C79F4C51003E3BA00A4648B /* Growl Registration Ticket.growlRegDict */ = {isa = PBXFileReference; fileEncoding = 4; lastKnownFileType = text.xml; path = "Growl Registration Ticket.growlRegDict"; sourceTree = "<group>"; };
		8C79F7891004908600A4648B /* MyDocument.xib */ = {isa = PBXFileReference; lastKnownFileType = file.xib; path = MyDocument.xib; sourceTree = "<group>"; };
		8C7E9C731014D34E00762319 /* NSManagedObjectContext-helper.h */ = {isa = PBXFileReference; fileEncoding = 4; lastKnownFileType = sourcecode.c.h; path = "NSManagedObjectContext-helper.h"; sourceTree = "<group>"; };
		8CAA122F100A078B0084C6D5 /* Profile.h */ = {isa = PBXFileReference; fileEncoding = 4; lastKnownFileType = sourcecode.c.h; path = Profile.h; sourceTree = "<group>"; };
		8CAA1230100A078B0084C6D5 /* Profile.m */ = {isa = PBXFileReference; fileEncoding = 4; lastKnownFileType = sourcecode.c.objc; path = Profile.m; sourceTree = "<group>"; };
		8CAA7CB2101CD00700EF43A3 /* OsClass.h */ = {isa = PBXFileReference; fileEncoding = 4; lastKnownFileType = sourcecode.c.h; path = OsClass.h; sourceTree = "<group>"; };
		8CAA7CB3101CD00700EF43A3 /* OsClass.m */ = {isa = PBXFileReference; fileEncoding = 4; lastKnownFileType = sourcecode.c.objc; path = OsClass.m; sourceTree = "<group>"; };
		8CAA7CB4101CD00700EF43A3 /* OsMatch.h */ = {isa = PBXFileReference; fileEncoding = 4; lastKnownFileType = sourcecode.c.h; path = OsMatch.h; sourceTree = "<group>"; };
		8CAA7CB5101CD00700EF43A3 /* OsMatch.m */ = {isa = PBXFileReference; fileEncoding = 4; lastKnownFileType = sourcecode.c.objc; path = OsMatch.m; sourceTree = "<group>"; };
		8CAA7D82101CF83E00EF43A3 /* TcpSeqValue.h */ = {isa = PBXFileReference; fileEncoding = 4; lastKnownFileType = sourcecode.c.h; path = TcpSeqValue.h; sourceTree = "<group>"; };
		8CAA7D83101CF83E00EF43A3 /* TcpSeqValue.m */ = {isa = PBXFileReference; fileEncoding = 4; lastKnownFileType = sourcecode.c.objc; path = TcpSeqValue.m; sourceTree = "<group>"; };
		8CAA7D84101CF83E00EF43A3 /* TcpTsSeqValue.h */ = {isa = PBXFileReference; fileEncoding = 4; lastKnownFileType = sourcecode.c.h; path = TcpTsSeqValue.h; sourceTree = "<group>"; };
		8CAA7D85101CF83E00EF43A3 /* TcpTsSeqValue.m */ = {isa = PBXFileReference; fileEncoding = 4; lastKnownFileType = sourcecode.c.objc; path = TcpTsSeqValue.m; sourceTree = "<group>"; };
		8CAA7D86101CF83E00EF43A3 /* IpIdSeqValue.h */ = {isa = PBXFileReference; fileEncoding = 4; lastKnownFileType = sourcecode.c.h; path = IpIdSeqValue.h; sourceTree = "<group>"; };
		8CAA7D87101CF83E00EF43A3 /* IpIdSeqValue.m */ = {isa = PBXFileReference; fileEncoding = 4; lastKnownFileType = sourcecode.c.objc; path = IpIdSeqValue.m; sourceTree = "<group>"; };
		8CAA7DE8101D037800EF43A3 /* Port_Script.h */ = {isa = PBXFileReference; fileEncoding = 4; lastKnownFileType = sourcecode.c.h; path = Port_Script.h; sourceTree = "<group>"; };
		8CAA7DE9101D037800EF43A3 /* Port_Script.m */ = {isa = PBXFileReference; fileEncoding = 4; lastKnownFileType = sourcecode.c.objc; path = Port_Script.m; sourceTree = "<group>"; };
		8CB29082102CCF54004A577E /* WebKit.framework */ = {isa = PBXFileReference; lastKnownFileType = wrapper.framework; name = WebKit.framework; path = System/Library/Frameworks/WebKit.framework; sourceTree = SDKROOT; };
		8CC32788100CDCA700483939 /* Security.framework */ = {isa = PBXFileReference; lastKnownFileType = wrapper.framework; name = Security.framework; path = System/Library/Frameworks/Security.framework; sourceTree = SDKROOT; };
		8CC3278D100CDCF000483939 /* BasicViewController.h */ = {isa = PBXFileReference; fileEncoding = 4; lastKnownFileType = sourcecode.c.h; path = BasicViewController.h; sourceTree = "<group>"; };
		8CC3278E100CDCF000483939 /* BasicViewController.m */ = {isa = PBXFileReference; fileEncoding = 4; lastKnownFileType = sourcecode.c.objc; path = BasicViewController.m; sourceTree = "<group>"; };
		8CC32792100CDFE400483939 /* NetstatConnection.h */ = {isa = PBXFileReference; fileEncoding = 4; lastKnownFileType = sourcecode.c.h; path = NetstatConnection.h; sourceTree = "<group>"; };
		8CC32793100CDFE400483939 /* NetstatConnection.m */ = {isa = PBXFileReference; fileEncoding = 4; lastKnownFileType = sourcecode.c.objc; path = NetstatConnection.m; sourceTree = "<group>"; };
		8CC329CF100DF9D700483939 /* BonjourListener.h */ = {isa = PBXFileReference; fileEncoding = 4; lastKnownFileType = sourcecode.c.h; path = BonjourListener.h; sourceTree = "<group>"; };
		8CC329D0100DF9D700483939 /* BonjourListener.m */ = {isa = PBXFileReference; fileEncoding = 4; lastKnownFileType = sourcecode.c.objc; path = BonjourListener.m; sourceTree = "<group>"; };
		8CC70CF41029839100743F1F /* Basic.xib */ = {isa = PBXFileReference; lastKnownFileType = file.xib; path = Basic.xib; sourceTree = "<group>"; };
		8CC70D0C10298B1000743F1F /* ManagingViewController.m */ = {isa = PBXFileReference; fileEncoding = 4; lastKnownFileType = sourcecode.c.objc; path = ManagingViewController.m; sourceTree = "<group>"; };
		8CC70D0D10298B1000743F1F /* ManagingViewController.h */ = {isa = PBXFileReference; fileEncoding = 4; lastKnownFileType = sourcecode.c.h; path = ManagingViewController.h; sourceTree = "<group>"; };
		8CC70D8D1029911A00743F1F /* Advanced.xib */ = {isa = PBXFileReference; lastKnownFileType = file.xib; path = Advanced.xib; sourceTree = "<group>"; };
		8CC73CFD102290F100296388 /* NSManagedObjectContext-helper.m */ = {isa = PBXFileReference; fileEncoding = 4; lastKnownFileType = sourcecode.c.objc; path = "NSManagedObjectContext-helper.m"; sourceTree = "<group>"; };
		8CD980E41024BFA200492108 /* Quartz.framework */ = {isa = PBXFileReference; lastKnownFileType = wrapper.framework; name = Quartz.framework; path = System/Library/Frameworks/Quartz.framework; sourceTree = SDKROOT; };
		8CD980E51024BFA200492108 /* QuartzCore.framework */ = {isa = PBXFileReference; lastKnownFileType = wrapper.framework; name = QuartzCore.framework; path = System/Library/Frameworks/QuartzCore.framework; sourceTree = SDKROOT; };
		8CDEBDC01029974500765DF6 /* AdvancedViewController.h */ = {isa = PBXFileReference; fileEncoding = 4; lastKnownFileType = sourcecode.c.h; path = AdvancedViewController.h; sourceTree = "<group>"; };
		8CDEBDC11029974500765DF6 /* AdvancedViewController.m */ = {isa = PBXFileReference; fileEncoding = 4; indentWidth = 3; lastKnownFileType = sourcecode.c.objc; path = AdvancedViewController.m; sourceTree = "<group>"; usesTabs = 0; };
		8CDEBE3A1029A1D800765DF6 /* SettingsViewController.h */ = {isa = PBXFileReference; fileEncoding = 4; lastKnownFileType = sourcecode.c.h; path = SettingsViewController.h; sourceTree = "<group>"; };
		8CDEBE3B1029A1D800765DF6 /* SettingsViewController.m */ = {isa = PBXFileReference; fileEncoding = 4; lastKnownFileType = sourcecode.c.objc; path = SettingsViewController.m; sourceTree = "<group>"; };
		8CDEC0EA1029C39500765DF6 /* Settings.xib */ = {isa = PBXFileReference; lastKnownFileType = file.xib; path = Settings.xib; sourceTree = "<group>"; };
		8D15AC370486D014006FF6A4 /* recon.app */ = {isa = PBXFileReference; explicitFileType = wrapper.application; includeInIndex = 0; path = recon.app; sourceTree = BUILT_PRODUCTS_DIR; };
/* End PBXFileReference section */

/* Begin PBXFrameworksBuildPhase section */
		8D15AC330486D014006FF6A4 /* Frameworks */ = {
			isa = PBXFrameworksBuildPhase;
			buildActionMask = 2147483647;
			files = (
				55597E121C811E6F0080944E /* iTerm.framework in Frameworks */,
				775DFF38067A968500C5B868 /* Cocoa.framework in Frameworks */,
				8C79F2EE10033DF200A4648B /* Growl.framework in Frameworks */,
				8CC32789100CDCA700483939 /* Security.framework in Frameworks */,
				8C4163861010D6310066A4F8 /* BWToolkitFramework.framework in Frameworks */,
				8CD980E61024BFA200492108 /* Quartz.framework in Frameworks */,
				8CD980E71024BFA200492108 /* QuartzCore.framework in Frameworks */,
				8CB29083102CCF54004A577E /* WebKit.framework in Frameworks */,
				8C77C64E103A33F1003D6589 /* ScriptingBridge.framework in Frameworks */,
			);
			runOnlyForDeploymentPostprocessing = 0;
		};
/* End PBXFrameworksBuildPhase section */

/* Begin PBXGroup section */
		1058C7A6FEA54F5311CA2CBB /* Linked Frameworks */ = {
			isa = PBXGroup;
			children = (
				8C4163851010D6310066A4F8 /* BWToolkitFramework.framework */,
				8C79F2ED10033DF200A4648B /* Growl.framework */,
			);
			name = "Linked Frameworks";
			sourceTree = "<group>";
		};
		1058C7A8FEA54F5311CA2CBB /* Other Frameworks */ = {
			isa = PBXGroup;
			children = (
				2A37F4C5FDCFA73011CA2CEA /* Foundation.framework */,
				7788DA0506752A1600599AAD /* CoreData.framework */,
				2A37F4C4FDCFA73011CA2CEA /* AppKit.framework */,
			);
			name = "Other Frameworks";
			sourceTree = "<group>";
		};
		19C28FB0FE9D524F11CA2CBB /* Products */ = {
			isa = PBXGroup;
			children = (
				8D15AC370486D014006FF6A4 /* recon.app */,
			);
			name = Products;
			sourceTree = "<group>";
		};
		2A37F4AAFDCFA73011CA2CEA /* nmapX-coredata */ = {
			isa = PBXGroup;
			children = (
				8C3D2B50102FABD60007B87E /* iTerm.xcodeproj */,
				2A37F4ABFDCFA73011CA2CEA /* Classes */,
				E1B74B1A0667B4A90069E3BA /* Models */,
				2A37F4AFFDCFA73011CA2CEA /* Other Sources */,
				2A37F4B8FDCFA73011CA2CEA /* Resources */,
				2A37F4C3FDCFA73011CA2CEA /* Frameworks */,
				19C28FB0FE9D524F11CA2CBB /* Products */,
			);
			indentWidth = 3;
			name = "nmapX-coredata";
			sourceTree = "<group>";
			usesTabs = 0;
		};
		2A37F4ABFDCFA73011CA2CEA /* Classes */ = {
			isa = PBXGroup;
			children = (
				2A37F4AEFDCFA73011CA2CEA /* MyDocument.h */,
				2A37F4ACFDCFA73011CA2CEA /* MyDocument.m */,
				8CDEC3A9102A2BF800765DF6 /* Shared Objects */,
				8CC3297F100DEE3E00483939 /* Basic Views */,
				8CDEBDEC102998E600765DF6 /* Advanced View */,
				8CDEBE501029A1F600765DF6 /* Settings View */,
				8C79E4D50FFE9FA500A4648B /* Managed Objects */,
				8C77C656103A3468003D6589 /* Scripting Bridge */,
			);
			name = Classes;
			path = Source;
			sourceTree = "<group>";
		};
		2A37F4AFFDCFA73011CA2CEA /* Other Sources */ = {
			isa = PBXGroup;
			children = (
				32DBCF750370BD2300C91783 /* recon_Prefix.pch */,
				2A37F4B0FDCFA73011CA2CEA /* main.m */,
			);
			name = "Other Sources";
			path = Source;
			sourceTree = "<group>";
		};
		2A37F4B8FDCFA73011CA2CEA /* Resources */ = {
			isa = PBXGroup;
			children = (
				8C77C411103963D5003D6589 /* Property Lists */,
				8C126DAF1037EA3900654B65 /* XIBs */,
				55B1E5681C824F2B003EA816 /* Images.xcassets */,
				089C165FFE840EACC02AAC07 /* InfoPlist.strings */,
				8C79F4C31003E3BA00A4648B /* Info.plist */,
				8C79F4C51003E3BA00A4648B /* Growl Registration Ticket.growlRegDict */,
				2A37F4B9FDCFA73011CA2CEA /* Credits.rtf */,
			);
			path = Resources;
			sourceTree = "<group>";
		};
		2A37F4C3FDCFA73011CA2CEA /* Frameworks */ = {
			isa = PBXGroup;
			children = (
				1058C7A7FEA54F5311CA2CBB /* Cocoa.framework */,
				8CC32788100CDCA700483939 /* Security.framework */,
				8CB29082102CCF54004A577E /* WebKit.framework */,
				8CD980E41024BFA200492108 /* Quartz.framework */,
				8CD980E51024BFA200492108 /* QuartzCore.framework */,
				8C77C64D103A33F1003D6589 /* ScriptingBridge.framework */,
				55597E131C811E700080944E /* CocoatechCore.framework */,
				55597E141C811E700080944E /* CocoaTechStrings.framework */,
				1058C7A6FEA54F5311CA2CBB /* Linked Frameworks */,
				1058C7A8FEA54F5311CA2CBB /* Other Frameworks */,
			);
			name = Frameworks;
			sourceTree = "<group>";
		};
		8C126DAF1037EA3900654B65 /* XIBs */ = {
			isa = PBXGroup;
			children = (
				8C79F4C41003E3BA00A4648B /* MainMenu.xib */,
				8C79F7891004908600A4648B /* MyDocument.xib */,
				8CC70CF41029839100743F1F /* Basic.xib */,
				8CC70D8D1029911A00743F1F /* Advanced.xib */,
				8CDEC0EA1029C39500765DF6 /* Settings.xib */,
			);
			name = XIBs;
			sourceTree = "<group>";
		};
		8C3D2B51102FABD60007B87E /* Products */ = {
			isa = PBXGroup;
			children = (
				8C3D2B61102FABD60007B87E /* iTerm.app */,
				8C3D2B63102FABD60007B87E /* iTerm.framework */,
			);
			name = Products;
			sourceTree = "<group>";
		};
		8C77C411103963D5003D6589 /* Property Lists */ = {
			isa = PBXGroup;
			children = (
				8C5909F71038F8870074656C /* Default Basic Profiles.plist */,
				8C77C40F103963CD003D6589 /* Default Advanced Profiles.plist */,
			);
			name = "Property Lists";
			sourceTree = "<group>";
		};
		8C77C656103A3468003D6589 /* Scripting Bridge */ = {
			isa = PBXGroup;
			children = (
				8C77C658103A348C003D6589 /* Mail.app */,
			);
			name = "Scripting Bridge";
			sourceTree = "<group>";
		};
		8C79E4D50FFE9FA500A4648B /* Managed Objects */ = {
			isa = PBXGroup;
			children = (
				8CAA122F100A078B0084C6D5 /* Profile.h */,
				8CAA1230100A078B0084C6D5 /* Profile.m */,
				8C79E885100117BF00A4648B /* Session.h */,
				8C79E886100117BF00A4648B /* Session.m */,
				8C2A17B3100B2A6E0060D931 /* Host.h */,
				8C2A17B4100B2A6E0060D931 /* Host.m */,
				8CD132C4101D433700E7E515 /* Host Children */,
				8C79E883100117BF00A4648B /* Port.h */,
				8C79E884100117BF00A4648B /* Port.m */,
				8CD132C5101D435300E7E515 /* Port Children */,
			);
			path = "Managed Objects";
			sourceTree = "<group>";
		};
		8CC3297F100DEE3E00483939 /* Basic Views */ = {
			isa = PBXGroup;
			children = (
				8CC3278D100CDCF000483939 /* BasicViewController.h */,
				8CC3278E100CDCF000483939 /* BasicViewController.m */,
				8CC32792100CDFE400483939 /* NetstatConnection.h */,
				8CC32793100CDFE400483939 /* NetstatConnection.m */,
				8CC329CF100DF9D700483939 /* BonjourListener.h */,
				8CC329D0100DF9D700483939 /* BonjourListener.m */,
			);
			name = "Basic Views";
			sourceTree = "<group>";
		};
		8CD132C4101D433700E7E515 /* Host Children */ = {
			isa = PBXGroup;
			children = (
				8C2DAC951037A9FC0053FACE /* HostNote.h */,
				8C2DAC961037A9FC0053FACE /* HostNote.m */,
				8CAA7CB2101CD00700EF43A3 /* OsClass.h */,
				8CAA7CB3101CD00700EF43A3 /* OsClass.m */,
				8CAA7CB4101CD00700EF43A3 /* OsMatch.h */,
				8CAA7CB5101CD00700EF43A3 /* OsMatch.m */,
				8CAA7D86101CF83E00EF43A3 /* IpIdSeqValue.h */,
				8CAA7D87101CF83E00EF43A3 /* IpIdSeqValue.m */,
				8CAA7D82101CF83E00EF43A3 /* TcpSeqValue.h */,
				8CAA7D83101CF83E00EF43A3 /* TcpSeqValue.m */,
				8CAA7D84101CF83E00EF43A3 /* TcpTsSeqValue.h */,
				8CAA7D85101CF83E00EF43A3 /* TcpTsSeqValue.m */,
			);
			name = "Host Children";
			sourceTree = "<group>";
		};
		8CD132C5101D435300E7E515 /* Port Children */ = {
			isa = PBXGroup;
			children = (
				8CAA7DE8101D037800EF43A3 /* Port_Script.h */,
				8CAA7DE9101D037800EF43A3 /* Port_Script.m */,
			);
			name = "Port Children";
			sourceTree = "<group>";
		};
		8CDEBDEC102998E600765DF6 /* Advanced View */ = {
			isa = PBXGroup;
			children = (
				8CDEBDC01029974500765DF6 /* AdvancedViewController.h */,
				8CDEBDC11029974500765DF6 /* AdvancedViewController.m */,
				8C014C80102D58F900FEEBB7 /* MyTerminalView.h */,
				8C014C81102D58F900FEEBB7 /* MyTerminalView.m */,
				8C3D26F7102E26E80007B87E /* PathTransformer.h */,
				8C3D26F8102E26E80007B87E /* PathTransformer.m */,
				8C2DAAE61037767F0053FACE /* StringToAttribStringTransformer.h */,
				8C2DAAE71037767F0053FACE /* StringToAttribStringTransformer.m */,
				8C5613BC103628F00030B321 /* ColorGradientView.h */,
				8C5613BD103628F00030B321 /* ColorGradientView.m */,
				8C5613E8103638340030B321 /* NotesTableView.h */,
				8C5613E9103638340030B321 /* NotesTableView.m */,
			);
			name = "Advanced View";
			sourceTree = "<group>";
		};
		8CDEBE501029A1F600765DF6 /* Settings View */ = {
			isa = PBXGroup;
			children = (
				8CDEBE3A1029A1D800765DF6 /* SettingsViewController.h */,
				8CDEBE3B1029A1D800765DF6 /* SettingsViewController.m */,
			);
			name = "Settings View";
			sourceTree = "<group>";
		};
		8CDEC3A9102A2BF800765DF6 /* Shared Objects */ = {
			isa = PBXGroup;
			children = (
				8C55E43610052E72002F5013 /* SessionManager.h */,
				8C55E43710052E72002F5013 /* SessionManager.m */,
				8C79E22E0FFC23D800A4648B /* SessionController.h */,
				8C79E22F0FFC23D800A4648B /* SessionController.m */,
				8C79E1940FFBC09600A4648B /* ArgumentListGenerator.h */,
				8C79E1950FFBC09600A4648B /* ArgumentListGenerator.m */,
				8C79E2310FFC23E000A4648B /* NmapController.h */,
				8C79E2320FFC23E000A4648B /* NmapController.m */,
				8C79E1930FFBC09600A4648B /* XMLController.h */,
				8C79E1920FFBC09600A4648B /* XMLController.m */,
				8C79E2B20FFCF0FF00A4648B /* PrefsController.h */,
				8C79E2B30FFCF0FF00A4648B /* PrefsController.m */,
				8CC70D0D10298B1000743F1F /* ManagingViewController.h */,
				8CC70D0C10298B1000743F1F /* ManagingViewController.m */,
				8C79F30910033EF200A4648B /* SPGrowlController.h */,
				8C79F30A10033EF200A4648B /* SPGrowlController.m */,
				8C7E9C731014D34E00762319 /* NSManagedObjectContext-helper.h */,
				8CC73CFD102290F100296388 /* NSManagedObjectContext-helper.m */,
				8C55E41E100524A5002F5013 /* NSTask+OneLineTasksWithOutput.m */,
			);
			name = "Shared Objects";
			sourceTree = "<group>";
		};
		E1B74B1A0667B4A90069E3BA /* Models */ = {
			isa = PBXGroup;
			children = (
				775BDEF0067A8BF0009058FE /* MyDocument.xcdatamodel */,
			);
			path = Models;
			sourceTree = "<group>";
		};
/* End PBXGroup section */

/* Begin PBXNativeTarget section */
		8D15AC270486D014006FF6A4 /* Recon */ = {
			isa = PBXNativeTarget;
			buildConfigurationList = 26FC0AA50875C8B900E6366F /* Build configuration list for PBXNativeTarget "Recon" */;
			buildPhases = (
				8D15AC2B0486D014006FF6A4 /* Resources */,
				8D15AC300486D014006FF6A4 /* Sources */,
				8D15AC330486D014006FF6A4 /* Frameworks */,
				8C79F2F510033E1B00A4648B /* Copy Frameworks */,
			);
			buildRules = (
				8C77C652103A340D003D6589 /* PBXBuildRule */,
			);
			dependencies = (
				8C3D2C26102FAC990007B87E /* PBXTargetDependency */,
			);
			name = Recon;
			productInstallPath = "$(HOME)/Applications";
			productName = "nmapX-coredata";
			productReference = 8D15AC370486D014006FF6A4 /* recon.app */;
			productType = "com.apple.product-type.application";
		};
/* End PBXNativeTarget section */

/* Begin PBXProject section */
		2A37F4A9FDCFA73011CA2CEA /* Project object */ = {
			isa = PBXProject;
			attributes = {
				LastUpgradeCheck = 1010;
			};
			buildConfigurationList = 26FC0AA90875C8B900E6366F /* Build configuration list for PBXProject "recon" */;
			compatibilityVersion = "Xcode 3.2";
			developmentRegion = English;
			hasScannedForEncodings = 1;
			knownRegions = (
				en,
			);
			mainGroup = 2A37F4AAFDCFA73011CA2CEA /* nmapX-coredata */;
			projectDirPath = "";
			projectReferences = (
				{
					ProductGroup = 8C3D2B51102FABD60007B87E /* Products */;
					ProjectRef = 8C3D2B50102FABD60007B87E /* iTerm.xcodeproj */;
				},
			);
			projectRoot = "";
			targets = (
				8D15AC270486D014006FF6A4 /* Recon */,
			);
		};
/* End PBXProject section */

/* Begin PBXReferenceProxy section */
		8C3D2B61102FABD60007B87E /* iTerm.app */ = {
			isa = PBXReferenceProxy;
			fileType = wrapper.application;
			path = iTerm.app;
			remoteRef = 8C3D2B60102FABD60007B87E /* PBXContainerItemProxy */;
			sourceTree = BUILT_PRODUCTS_DIR;
		};
		8C3D2B63102FABD60007B87E /* iTerm.framework */ = {
			isa = PBXReferenceProxy;
			fileType = wrapper.framework;
			path = iTerm.framework;
			remoteRef = 8C3D2B62102FABD60007B87E /* PBXContainerItemProxy */;
			sourceTree = BUILT_PRODUCTS_DIR;
		};
/* End PBXReferenceProxy section */

/* Begin PBXResourcesBuildPhase section */
		8D15AC2B0486D014006FF6A4 /* Resources */ = {
			isa = PBXResourcesBuildPhase;
			buildActionMask = 2147483647;
			files = (
				8D15AC2C0486D014006FF6A4 /* Credits.rtf in Resources */,
				8D15AC2F0486D014006FF6A4 /* InfoPlist.strings in Resources */,
				8C79F4C81003E3BA00A4648B /* MainMenu.xib in Resources */,
				8C79F4C91003E3BA00A4648B /* Growl Registration Ticket.growlRegDict in Resources */,
				8C79F78A1004908600A4648B /* MyDocument.xib in Resources */,
				8CC70CF51029839100743F1F /* Basic.xib in Resources */,
				55B1E5691C824F2B003EA816 /* Images.xcassets in Resources */,
				8CC70D8E1029911A00743F1F /* Advanced.xib in Resources */,
				8CDEC0EB1029C39500765DF6 /* Settings.xib in Resources */,
				8C5909F81038F8870074656C /* Default Basic Profiles.plist in Resources */,
				8C77C410103963CD003D6589 /* Default Advanced Profiles.plist in Resources */,
			);
			runOnlyForDeploymentPostprocessing = 0;
		};
/* End PBXResourcesBuildPhase section */

/* Begin PBXSourcesBuildPhase section */
		8D15AC300486D014006FF6A4 /* Sources */ = {
			isa = PBXSourcesBuildPhase;
			buildActionMask = 2147483647;
			files = (
				8C77C65A103A349F003D6589 /* Mail.app in Sources */,
				8D15AC310486D014006FF6A4 /* MyDocument.m in Sources */,
				8D15AC320486D014006FF6A4 /* main.m in Sources */,
				775BDEF1067A8BF0009058FE /* MyDocument.xcdatamodel in Sources */,
				8C79E1960FFBC09600A4648B /* XMLController.m in Sources */,
				8C79E1970FFBC09600A4648B /* ArgumentListGenerator.m in Sources */,
				8C79E2300FFC23D800A4648B /* SessionController.m in Sources */,
				8C79E2330FFC23E000A4648B /* NmapController.m in Sources */,
				8C79E2B40FFCF0FF00A4648B /* PrefsController.m in Sources */,
				8C79E889100117BF00A4648B /* Port.m in Sources */,
				8C79E88A100117BF00A4648B /* Session.m in Sources */,
				8C79F30B10033EF200A4648B /* SPGrowlController.m in Sources */,
				8C55E41F100524A5002F5013 /* NSTask+OneLineTasksWithOutput.m in Sources */,
				8C55E43810052E72002F5013 /* SessionManager.m in Sources */,
				8CAA1231100A078B0084C6D5 /* Profile.m in Sources */,
				8C2A17B5100B2A6E0060D931 /* Host.m in Sources */,
				8CC3278F100CDCF000483939 /* BasicViewController.m in Sources */,
				8CC32794100CDFE400483939 /* NetstatConnection.m in Sources */,
				8CC329D1100DF9D700483939 /* BonjourListener.m in Sources */,
				8CAA7CB6101CD00700EF43A3 /* OsClass.m in Sources */,
				8CAA7CB7101CD00700EF43A3 /* OsMatch.m in Sources */,
				8CAA7D88101CF83E00EF43A3 /* TcpSeqValue.m in Sources */,
				8CAA7D89101CF83E00EF43A3 /* TcpTsSeqValue.m in Sources */,
				8CAA7D8A101CF83E00EF43A3 /* IpIdSeqValue.m in Sources */,
				8CAA7DEA101D037800EF43A3 /* Port_Script.m in Sources */,
				8CC73CFE102290F100296388 /* NSManagedObjectContext-helper.m in Sources */,
				8CC70D0F10298B1000743F1F /* ManagingViewController.m in Sources */,
				8CDEBDC21029974500765DF6 /* AdvancedViewController.m in Sources */,
				8CDEBE3C1029A1D800765DF6 /* SettingsViewController.m in Sources */,
				8C014C82102D58F900FEEBB7 /* MyTerminalView.m in Sources */,
				8C3D26F9102E26E80007B87E /* PathTransformer.m in Sources */,
				8C5613BE103628F00030B321 /* ColorGradientView.m in Sources */,
				8C5613EA103638340030B321 /* NotesTableView.m in Sources */,
				8C2DAAE81037767F0053FACE /* StringToAttribStringTransformer.m in Sources */,
				8C2DAC971037A9FC0053FACE /* HostNote.m in Sources */,
			);
			runOnlyForDeploymentPostprocessing = 0;
		};
/* End PBXSourcesBuildPhase section */

/* Begin PBXTargetDependency section */
		8C3D2C26102FAC990007B87E /* PBXTargetDependency */ = {
			isa = PBXTargetDependency;
			name = "iTerm Framework";
			targetProxy = 8C3D2C25102FAC990007B87E /* PBXContainerItemProxy */;
		};
/* End PBXTargetDependency section */

/* Begin PBXVariantGroup section */
		089C165FFE840EACC02AAC07 /* InfoPlist.strings */ = {
			isa = PBXVariantGroup;
			children = (
				089C1660FE840EACC02AAC07 /* en */,
			);
			name = InfoPlist.strings;
			sourceTree = "<group>";
		};
		2A37F4B9FDCFA73011CA2CEA /* Credits.rtf */ = {
			isa = PBXVariantGroup;
			children = (
				2A37F4BAFDCFA73011CA2CEA /* en */,
			);
			name = Credits.rtf;
			sourceTree = "<group>";
		};
/* End PBXVariantGroup section */

/* Begin XCBuildConfiguration section */
		26FC0AA60875C8B900E6366F /* Debug */ = {
			isa = XCBuildConfiguration;
			buildSettings = {
				ASSETCATALOG_COMPILER_APPICON_NAME = "reconwithwall-darker-zoom";
				CLANG_ENABLE_OBJC_WEAK = YES;
				COMBINE_HIDPI_IMAGES = YES;
				COPY_PHASE_STRIP = NO;
				FRAMEWORK_SEARCH_PATHS = (
					"$(inherited)",
					"\"$(SYSTEM_LIBRARY_DIR)/PrivateFrameworks\"",
					"\"$(SRCROOT)/Vendor/Path Finder SDK/Source/iTerm/build/Debug\"",
					"$(PROJECT_DIR)/Frameworks",
				);
				GCC_DYNAMIC_NO_PIC = NO;
				GCC_ENABLE_OBJC_EXCEPTIONS = YES;
				GCC_MODEL_TUNING = G5;
				GCC_OPTIMIZATION_LEVEL = 0;
				GCC_PRECOMPILE_PREFIX_HEADER = YES;
				GCC_PREFIX_HEADER = Source/recon_Prefix.pch;
				INFOPLIST_FILE = Resources/Info.plist;
				INSTALL_PATH = "$(HOME)/Applications";
				LD_RUNPATH_SEARCH_PATHS = "$(inherited) @executable_path/../Frameworks";
				PRODUCT_BUNDLE_IDENTIFIER = com.bafoontecha.recon;
				PRODUCT_NAME = recon;
				WRAPPER_EXTENSION = app;
			};
			name = Debug;
		};
		26FC0AA70875C8B900E6366F /* Release */ = {
			isa = XCBuildConfiguration;
			buildSettings = {
				ASSETCATALOG_COMPILER_APPICON_NAME = "reconwithwall-darker-zoom";
				CLANG_ENABLE_OBJC_WEAK = YES;
				COMBINE_HIDPI_IMAGES = YES;
				COPY_PHASE_STRIP = NO;
				DEBUG_INFORMATION_FORMAT = "dwarf-with-dsym";
				FRAMEWORK_SEARCH_PATHS = (
					"$(inherited)",
					"\"$(SYSTEM_LIBRARY_DIR)/PrivateFrameworks\"",
					"\"$(SRCROOT)/Vendor/Path Finder SDK/Source/iTerm/build/Debug\"",
					"$(PROJECT_DIR)/Frameworks",
				);
				GCC_ENABLE_OBJC_EXCEPTIONS = YES;
				GCC_MODEL_TUNING = G5;
				GCC_PRECOMPILE_PREFIX_HEADER = YES;
				GCC_PREFIX_HEADER = Source/recon_Prefix.pch;
				INFOPLIST_FILE = Resources/Info.plist;
				INSTALL_PATH = "$(HOME)/Applications";
				LD_RUNPATH_SEARCH_PATHS = "$(inherited) @executable_path/../Frameworks";
				PRODUCT_BUNDLE_IDENTIFIER = com.bafoontecha.recon;
				PRODUCT_NAME = Recon;
				WRAPPER_EXTENSION = app;
			};
			name = Release;
		};
		26FC0AAA0875C8B900E6366F /* Debug */ = {
			isa = XCBuildConfiguration;
			buildSettings = {
				CLANG_ENABLE_MODULES = YES;
				CLANG_WARN_BLOCK_CAPTURE_AUTORELEASING = YES;
				CLANG_WARN_BOOL_CONVERSION = YES;
				CLANG_WARN_COMMA = YES;
				CLANG_WARN_CONSTANT_CONVERSION = YES;
				CLANG_WARN_DEPRECATED_OBJC_IMPLEMENTATIONS = YES;
				CLANG_WARN_EMPTY_BODY = YES;
				CLANG_WARN_ENUM_CONVERSION = YES;
				CLANG_WARN_INFINITE_RECURSION = YES;
				CLANG_WARN_INT_CONVERSION = YES;
				CLANG_WARN_NON_LITERAL_NULL_CONVERSION = YES;
				CLANG_WARN_OBJC_IMPLICIT_RETAIN_SELF = YES;
				CLANG_WARN_OBJC_LITERAL_CONVERSION = YES;
				CLANG_WARN_RANGE_LOOP_ANALYSIS = YES;
				CLANG_WARN_STRICT_PROTOTYPES = YES;
				CLANG_WARN_SUSPICIOUS_MOVE = YES;
				CLANG_WARN_UNREACHABLE_CODE = YES;
				CLANG_WARN__DUPLICATE_METHOD_MATCH = YES;
				ENABLE_STRICT_OBJC_MSGSEND = YES;
				ENABLE_TESTABILITY = YES;
				GCC_C_LANGUAGE_STANDARD = c99;
				GCC_NO_COMMON_BLOCKS = YES;
				GCC_WARN_64_TO_32_BIT_CONVERSION = YES;
				GCC_WARN_ABOUT_RETURN_TYPE = YES;
				GCC_WARN_UNDECLARED_SELECTOR = YES;
				GCC_WARN_UNINITIALIZED_AUTOS = YES;
				GCC_WARN_UNUSED_FUNCTION = YES;
				GCC_WARN_UNUSED_VARIABLE = YES;
				MACOSX_DEPLOYMENT_TARGET = 10.7;
				ONLY_ACTIVE_ARCH = YES;
				SDKROOT = macosx;
			};
			name = Debug;
		};
		26FC0AAB0875C8B900E6366F /* Release */ = {
			isa = XCBuildConfiguration;
			buildSettings = {
				CLANG_ENABLE_MODULES = YES;
				CLANG_WARN_BLOCK_CAPTURE_AUTORELEASING = YES;
				CLANG_WARN_BOOL_CONVERSION = YES;
				CLANG_WARN_COMMA = YES;
				CLANG_WARN_CONSTANT_CONVERSION = YES;
				CLANG_WARN_DEPRECATED_OBJC_IMPLEMENTATIONS = YES;
				CLANG_WARN_EMPTY_BODY = YES;
				CLANG_WARN_ENUM_CONVERSION = YES;
				CLANG_WARN_INFINITE_RECURSION = YES;
				CLANG_WARN_INT_CONVERSION = YES;
				CLANG_WARN_NON_LITERAL_NULL_CONVERSION = YES;
				CLANG_WARN_OBJC_IMPLICIT_RETAIN_SELF = YES;
				CLANG_WARN_OBJC_LITERAL_CONVERSION = YES;
				CLANG_WARN_RANGE_LOOP_ANALYSIS = YES;
				CLANG_WARN_STRICT_PROTOTYPES = YES;
				CLANG_WARN_SUSPICIOUS_MOVE = YES;
				CLANG_WARN_UNREACHABLE_CODE = YES;
				CLANG_WARN__DUPLICATE_METHOD_MATCH = YES;
				ENABLE_STRICT_OBJC_MSGSEND = YES;
				GCC_C_LANGUAGE_STANDARD = c99;
				GCC_NO_COMMON_BLOCKS = YES;
				GCC_WARN_64_TO_32_BIT_CONVERSION = YES;
				GCC_WARN_ABOUT_RETURN_TYPE = YES;
				GCC_WARN_UNDECLARED_SELECTOR = YES;
				GCC_WARN_UNINITIALIZED_AUTOS = YES;
				GCC_WARN_UNUSED_FUNCTION = YES;
				GCC_WARN_UNUSED_VARIABLE = YES;
				MACOSX_DEPLOYMENT_TARGET = 10.7;
				SDKROOT = macosx;
			};
			name = Release;
		};
/* End XCBuildConfiguration section */

/* Begin XCConfigurationList section */
		26FC0AA50875C8B900E6366F /* Build configuration list for PBXNativeTarget "Recon" */ = {
			isa = XCConfigurationList;
			buildConfigurations = (
				26FC0AA60875C8B900E6366F /* Debug */,
				26FC0AA70875C8B900E6366F /* Release */,
			);
			defaultConfigurationIsVisible = 0;
			defaultConfigurationName = Release;
		};
		26FC0AA90875C8B900E6366F /* Build configuration list for PBXProject "recon" */ = {
			isa = XCConfigurationList;
			buildConfigurations = (
				26FC0AAA0875C8B900E6366F /* Debug */,
				26FC0AAB0875C8B900E6366F /* Release */,
			);
			defaultConfigurationIsVisible = 0;
			defaultConfigurationName = Release;
		};
/* End XCConfigurationList section */
	};
	rootObject = 2A37F4A9FDCFA73011CA2CEA /* Project object */;
}
